
Microsoft Visual Studio Solution File, Format Version 12.00
# Visual Studio Version 16
VisualStudioVersion = 16.0.30907.101
MinimumVisualStudioVersion = 15.0.26124.0
Project("{9A19103F-16F7-4668-BE54-9A1E7A4F7556}") = "PrimeService", "PrimeService\PrimeService.csproj", "{CBCE5A07-5A9E-452C-9940-0936B7F04117}"
EndProject
Project("{9A19103F-16F7-4668-BE54-9A1E7A4F7556}") = "PrimeService.Tests", "PrimeService.Tests\PrimeService.Tests.csproj", "{EE6172C5-D7BF-4B37-A205-23E08AE1C250}"
EndProject
Project("{2150E333-8FDC-42A3-9474-1A3956D46DE8}") = "Solution Items", "Solution Items", "{89666C80-DDC8-44EF-886C-EE5ABDC4D4EC}"
	ProjectSection(SolutionItems) = preProject
		.editorconfig = .editorconfig
	EndProjectSection
EndProject
Project("{9A19103F-16F7-4668-BE54-9A1E7A4F7556}") = "MyConsole", "Console\MyConsole.csproj", "{06CF53C0-CEA6-409C-850C-E3E4F375C372}"
EndProject
Global
	GlobalSection(SolutionConfigurationPlatforms) = preSolution
		Debug|Any CPU = Debug|Any CPU
		Debug|x64 = Debug|x64
		Debug|x86 = Debug|x86
		Release|Any CPU = Release|Any CPU
		Release|x64 = Release|x64
		Release|x86 = Release|x86
	EndGlobalSection
	GlobalSection(ProjectConfigurationPlatforms) = postSolution
		{CBCE5A07-5A9E-452C-9940-0936B7F04117}.Debug|Any CPU.ActiveCfg = Debug|Any CPU
		{CBCE5A07-5A9E-452C-9940-0936B7F04117}.Debug|Any CPU.Build.0 = Debug|Any CPU
		{CBCE5A07-5A9E-452C-9940-0936B7F04117}.Debug|x64.ActiveCfg = Debug|Any CPU
		{CBCE5A07-5A9E-452C-9940-0936B7F04117}.Debug|x64.Build.0 = Debug|Any CPU
		{CBCE5A07-5A9E-452C-9940-0936B7F04117}.Debug|x86.ActiveCfg = Debug|Any CPU
		{CBCE5A07-5A9E-452C-9940-0936B7F04117}.Debug|x86.Build.0 = Debug|Any CPU
		{CBCE5A07-5A9E-452C-9940-0936B7F04117}.Release|Any CPU.ActiveCfg = Release|Any CPU
		{CBCE5A07-5A9E-452C-9940-0936B7F04117}.Release|Any CPU.Build.0 = Release|Any CPU
		{CBCE5A07-5A9E-452C-9940-0936B7F04117}.Release|x64.ActiveCfg = Release|Any CPU
		{CBCE5A07-5A9E-452C-9940-0936B7F04117}.Release|x64.Build.0 = Release|Any CPU
		{CBCE5A07-5A9E-452C-9940-0936B7F04117}.Release|x86.ActiveCfg = Release|Any CPU
		{CBCE5A07-5A9E-452C-9940-0936B7F04117}.Release|x86.Build.0 = Release|Any CPU
		{EE6172C5-D7BF-4B37-A205-23E08AE1C250}.Debug|Any CPU.ActiveCfg = Debug|Any CPU
		{EE6172C5-D7BF-4B37-A205-23E08AE1C250}.Debug|Any CPU.Build.0 = Debug|Any CPU
		{EE6172C5-D7BF-4B37-A205-23E08AE1C250}.Debug|x64.ActiveCfg = Debug|Any CPU
		{EE6172C5-D7BF-4B37-A205-23E08AE1C250}.Debug|x64.Build.0 = Debug|Any CPU
		{EE6172C5-D7BF-4B37-A205-23E08AE1C250}.Debug|x86.ActiveCfg = Debug|Any CPU
		{EE6172C5-D7BF-4B37-A205-23E08AE1C250}.Debug|x86.Build.0 = Debug|Any CPU
		{EE6172C5-D7BF-4B37-A205-23E08AE1C250}.Release|Any CPU.ActiveCfg = Release|Any CPU
		{EE6172C5-D7BF-4B37-A205-23E08AE1C250}.Release|Any CPU.Build.0 = Release|Any CPU
		{EE6172C5-D7BF-4B37-A205-23E08AE1C250}.Release|x64.ActiveCfg = Release|Any CPU
		{EE6172C5-D7BF-4B37-A205-23E08AE1C250}.Release|x64.Build.0 = Release|Any CPU
		{EE6172C5-D7BF-4B37-A205-23E08AE1C250}.Release|x86.ActiveCfg = Release|Any CPU
		{EE6172C5-D7BF-4B37-A205-23E08AE1C250}.Release|x86.Build.0 = Release|Any CPU
		{06CF53C0-CEA6-409C-850C-E3E4F375C372}.Debug|Any CPU.ActiveCfg = Debug|Any CPU
		{06CF53C0-CEA6-409C-850C-E3E4F375C372}.Debug|Any CPU.Build.0 = Debug|Any CPU
		{06CF53C0-CEA6-409C-850C-E3E4F375C372}.Debug|x64.ActiveCfg = Debug|Any CPU
		{06CF53C0-CEA6-409C-850C-E3E4F375C372}.Debug|x64.Build.0 = Debug|Any CPU
		{06CF53C0-CEA6-409C-850C-E3E4F375C372}.Debug|x86.ActiveCfg = Debug|Any CPU
		{06CF53C0-CEA6-409C-850C-E3E4F375C372}.Debug|x86.Build.0 = Debug|Any CPU
		{06CF53C0-CEA6-409C-850C-E3E4F375C372}.Release|Any CPU.ActiveCfg = Release|Any CPU
		{06CF53C0-CEA6-409C-850C-E3E4F375C372}.Release|Any CPU.Build.0 = Release|Any CPU
		{06CF53C0-CEA6-409C-850C-E3E4F375C372}.Release|x64.ActiveCfg = Release|Any CPU
		{06CF53C0-CEA6-409C-850C-E3E4F375C372}.Release|x64.Build.0 = Release|Any CPU
		{06CF53C0-CEA6-409C-850C-E3E4F375C372}.Release|x86.ActiveCfg = Release|Any CPU
		{06CF53C0-CEA6-409C-850C-E3E4F375C372}.Release|x86.Build.0 = Release|Any CPU
	EndGlobalSection
	GlobalSection(SolutionProperties) = preSolution
		HideSolutionNode = FALSE
	EndGlobalSection
	GlobalSection(ExtensibilityGlobals) = postSolution
		SolutionGuid = {3BBD1889-B911-40DE-A893-4A2E053DD5C8}
	EndGlobalSection
EndGlobal
